
Microsoft Visual Studio Solution File, Format Version 12.00
# Visual Studio Version 17
VisualStudioVersion = 17.13.35919.96 d17.13
MinimumVisualStudioVersion = 10.0.40219.1
Project("{FAE04EC0-301F-11D3-BF4B-00C04F79EFBC}") = "BancoDigitalFuncional", "BancoDigitalFuncional\BancoDigitalFuncional.csproj", "{5D93248E-F58A-4EAE-BBD3-D685343B21B7}"
EndProject
Project("{FAE04EC0-301F-11D3-BF4B-00C04F79EFBC}") = "BDFuncional.Domain", "Domain\BDFuncional.Domain.csproj", "{55F5771C-510A-451C-BAFA-6927DFAB5499}"
EndProject
Project("{FAE04EC0-301F-11D3-BF4B-00C04F79EFBC}") = "BDFuncional.MySql", "MySql\BDFuncional.MySql.csproj", "{56B7F62B-F3A5-4DEE-8FB6-F1933A560911}"
EndProject
Global
	GlobalSection(SolutionConfigurationPlatforms) = preSolution
		Debug|Any CPU = Debug|Any CPU
		Release|Any CPU = Release|Any CPU
	EndGlobalSection
	GlobalSection(ProjectConfigurationPlatforms) = postSolution
		{5D93248E-F58A-4EAE-BBD3-D685343B21B7}.Debug|Any CPU.ActiveCfg = Debug|Any CPU
		{5D93248E-F58A-4EAE-BBD3-D685343B21B7}.Debug|Any CPU.Build.0 = Debug|Any CPU
		{5D93248E-F58A-4EAE-BBD3-D685343B21B7}.Release|Any CPU.ActiveCfg = Release|Any CPU
		{5D93248E-F58A-4EAE-BBD3-D685343B21B7}.Release|Any CPU.Build.0 = Release|Any CPU
		{55F5771C-510A-451C-BAFA-6927DFAB5499}.Debug|Any CPU.ActiveCfg = Debug|Any CPU
		{55F5771C-510A-451C-BAFA-6927DFAB5499}.Debug|Any CPU.Build.0 = Debug|Any CPU
		{55F5771C-510A-451C-BAFA-6927DFAB5499}.Release|Any CPU.ActiveCfg = Release|Any CPU
		{55F5771C-510A-451C-BAFA-6927DFAB5499}.Release|Any CPU.Build.0 = Release|Any CPU
		{56B7F62B-F3A5-4DEE-8FB6-F1933A560911}.Debug|Any CPU.ActiveCfg = Debug|Any CPU
		{56B7F62B-F3A5-4DEE-8FB6-F1933A560911}.Debug|Any CPU.Build.0 = Debug|Any CPU
		{56B7F62B-F3A5-4DEE-8FB6-F1933A560911}.Release|Any CPU.ActiveCfg = Release|Any CPU
		{56B7F62B-F3A5-4DEE-8FB6-F1933A560911}.Release|Any CPU.Build.0 = Release|Any CPU
	EndGlobalSection
	GlobalSection(SolutionProperties) = preSolution
		HideSolutionNode = FALSE
	EndGlobalSection
	GlobalSection(ExtensibilityGlobals) = postSolution
		SolutionGuid = {90BF0011-8B6F-4EF3-8B54-5AF4C52595B8}
	EndGlobalSection
EndGlobal
